
Microsoft Visual Studio Solution File, Format Version 12.00
# Visual Studio Version 17
VisualStudioVersion = 17.3.32811.315
MinimumVisualStudioVersion = 10.0.40219.1
Project("{FAE04EC0-301F-11D3-BF4B-00C04F79EFBC}") = "Escola", "Escola\Escola.csproj", "{31D30470-351A-483F-9CBC-87F547214C08}"
EndProject
Global
	GlobalSection(SolutionConfigurationPlatforms) = preSolution
		Debug|Any CPU = Debug|Any CPU
		Release|Any CPU = Release|Any CPU
	EndGlobalSection
	GlobalSection(ProjectConfigurationPlatforms) = postSolution
		{31D30470-351A-483F-9CBC-87F547214C08}.Debug|Any CPU.ActiveCfg = Debug|Any CPU
		{31D30470-351A-483F-9CBC-87F547214C08}.Debug|Any CPU.Build.0 = Debug|Any CPU
		{31D30470-351A-483F-9CBC-87F547214C08}.Release|Any CPU.ActiveCfg = Release|Any CPU
		{31D30470-351A-483F-9CBC-87F547214C08}.Release|Any CPU.Build.0 = Release|Any CPU
	EndGlobalSection
	GlobalSection(SolutionProperties) = preSolution
		HideSolutionNode = FALSE
	EndGlobalSection
	GlobalSection(ExtensibilityGlobals) = postSolution
		SolutionGuid = {306CEE3F-0A0C-4CBF-9AFD-469FFB5BFCE0}
	EndGlobalSection
EndGlobal
